
Microsoft Visual Studio Solution File, Format Version 12.00
# Visual Studio 14
VisualStudioVersion = 14.0.25123.0
MinimumVisualStudioVersion = 10.0.40219.1
Project("{2150E333-8FDC-42A3-9474-1A3956D46DE8}") = "Core", "Core", "{B3CD041C-0F4A-480B-A9B6-C7964733C995}"
EndProject
Project("{FAE04EC0-301F-11D3-BF4B-00C04F79EFBC}") = "Core.Module", "Core.Module\Core.Module.csproj", "{6F1125ED-C3D1-46DF-9A22-AEBF0CC2CF78}"
EndProject
Project("{FAE04EC0-301F-11D3-BF4B-00C04F79EFBC}") = "Core.Service", "Core.Service\Core.Service.csproj", "{A6601D7B-3869-494C-9BB4-CE2EFDDC3872}"
EndProject
Project("{2150E333-8FDC-42A3-9474-1A3956D46DE8}") = "Framework", "Framework", "{26155C11-F6EE-4AE6-B090-939FB17C6A65}"
EndProject
Project("{FAE04EC0-301F-11D3-BF4B-00C04F79EFBC}") = "Framework.BLL", "Framework.BLL\Framework.BLL.csproj", "{5871B35D-1882-431A-B9AF-A7EC3B77F314}"
EndProject
Project("{FAE04EC0-301F-11D3-BF4B-00C04F79EFBC}") = "Framework.DAL", "Framework.DAL\Framework.DAL.csproj", "{EC5C509B-6DDF-47B2-8098-3F45ED069E24}"
EndProject
Project("{FAE04EC0-301F-11D3-BF4B-00C04F79EFBC}") = "Framework.Utility", "Framework.Utility\Framework.Utility.csproj", "{6A483607-FEBC-4599-BC82-0184FA79B6F2}"
EndProject
Project("{FAE04EC0-301F-11D3-BF4B-00C04F79EFBC}") = "Framework.Contract", "Framework.Contract\Framework.Contract.csproj", "{67F618D6-B22F-435D-AD61-C2F820815A2A}"
EndProject
Project("{2150E333-8FDC-42A3-9474-1A3956D46DE8}") = "UI", "UI", "{C6BDF8B1-720B-4AB5-80D6-11BF1AD4C737}"
EndProject
Project("{2150E333-8FDC-42A3-9474-1A3956D46DE8}") = "Business", "Business", "{BE99E732-1387-4B89-A5BB-BC0BAB3B2437}"
EndProject
Project("{FAE04EC0-301F-11D3-BF4B-00C04F79EFBC}") = "Core.Config", "Core.Config\Core.Config.csproj", "{CB29D7ED-3CE9-4789-9CA0-35C83B6448A7}"
EndProject
Project("{FAE04EC0-301F-11D3-BF4B-00C04F79EFBC}") = "Framework.DbDrive", "FrameWork.DbDrive\Framework.DbDrive.csproj", "{5716BF11-28E7-478F-80F5-D881CC87962A}"
EndProject
Project("{FAE04EC0-301F-11D3-BF4B-00C04F79EFBC}") = "Core.Exception", "Core.Exception\Core.Exception.csproj", "{0E7BBB62-91F0-4263-8DE9-D6683565E653}"
EndProject
Project("{FAE04EC0-301F-11D3-BF4B-00C04F79EFBC}") = "Core.Cache", "Core.Cache\Core.Cache.csproj", "{0440BB94-C62E-4F2A-84C7-42836C697035}"
EndProject
Project("{FAE04EC0-301F-11D3-BF4B-00C04F79EFBC}") = "Core.Log", "Core.Log\Core.Log.csproj", "{33FD11A4-A778-48B7-9976-D3D74C373B8B}"
EndProject
Project("{2150E333-8FDC-42A3-9474-1A3956D46DE8}") = "Test", "Test", "{EEB7D637-50B0-45C0-9B27-793C3334D9ED}"
EndProject
Project("{FAE04EC0-301F-11D3-BF4B-00C04F79EFBC}") = "Core.ConfigTests", "Core.ConfigTests\Core.ConfigTests.csproj", "{20072E6C-51F0-4165-9148-907AB2405320}"
EndProject
Project("{FAE04EC0-301F-11D3-BF4B-00C04F79EFBC}") = "Core.Encrypt", "Core.Encryption\Core.Encrypt.csproj", "{BED2E799-653F-4D29-81F5-BA440823BFE3}"
EndProject
Project("{2150E333-8FDC-42A3-9474-1A3956D46DE8}") = "Plain", "Plain", "{65DFFB61-2254-419E-8C47-017AC4D3CB49}"
EndProject
Project("{FAE04EC0-301F-11D3-BF4B-00C04F79EFBC}") = "Plain.BLL", "Plain.BLL\Plain.BLL.csproj", "{F920B0F7-0DA7-4F08-90B7-F5390503295E}"
EndProject
Project("{FAE04EC0-301F-11D3-BF4B-00C04F79EFBC}") = "Plain.DAL", "Plain.DAL\Plain.DAL.csproj", "{9380619E-4D80-4B53-81B2-D477BAD419FF}"
EndProject
Project("{FAE04EC0-301F-11D3-BF4B-00C04F79EFBC}") = "Plain.Model", "Plain.Model\Plain.Model.csproj", "{3B149ADE-26C3-4DA3-92F5-C613559FB50F}"
EndProject
Project("{FAE04EC0-301F-11D3-BF4B-00C04F79EFBC}") = "Plain.UI", "Plain.UI\Plain.UI.csproj", "{45B380A7-4275-4E02-9E6A-147D1A19AC6F}"
EndProject
Project("{2150E333-8FDC-42A3-9474-1A3956D46DE8}") = "Tools", "Tools", "{4B4EE8BF-298C-4765-B59C-F9DE891AD65E}"
EndProject
Project("{FAE04EC0-301F-11D3-BF4B-00C04F79EFBC}") = "Tools.Encrypt", "Tools.Encrypt.DaoConfig\Tools.Encrypt.csproj", "{516EBF79-DE0F-4203-BD35-9287A5D73F34}"
EndProject
Project("{FAE04EC0-301F-11D3-BF4B-00C04F79EFBC}") = "Core.EncryptTests", "Core.EncryptTests\Core.EncryptTests.csproj", "{E97C88AD-9D00-4962-9F2E-596D931116D5}"
EndProject
Project("{FAE04EC0-301F-11D3-BF4B-00C04F79EFBC}") = "Framework.Web", "Framework.Web\Framework.Web.csproj", "{265EB8A8-EC67-4BBE-9036-8B76C28C4859}"
EndProject
Project("{FAE04EC0-301F-11D3-BF4B-00C04F79EFBC}") = "Framework.Extention", "Framework.Extention\Framework.Extention.csproj", "{1E62B299-9A6B-4152-AB6E-83AA386950F5}"
EndProject
Project("{FAE04EC0-301F-11D3-BF4B-00C04F79EFBC}") = "Core.Message", "Core.Message\Core.Message.csproj", "{E8707FBB-D5B5-41ED-86DD-7AABCBBC703A}"
EndProject
Project("{FAE04EC0-301F-11D3-BF4B-00C04F79EFBC}") = "Plain.BLLTests", "Plain.BLLTests\Plain.BLLTests.csproj", "{1B06D886-409A-46A8-983F-3E29163AFCF1}"
EndProject
Project("{FAE04EC0-301F-11D3-BF4B-00C04F79EFBC}") = "Core.LogTests", "Core.LogTests\Core.LogTests.csproj", "{607BC64C-F481-4FB0-8B24-553E2DA90290}"
EndProject
Project("{FAE04EC0-301F-11D3-BF4B-00C04F79EFBC}") = "Plain.Web", "Plain.Web\Plain.Web.csproj", "{48613701-EB05-4356-970F-83C08F80365F}"
EndProject
Project("{FAE04EC0-301F-11D3-BF4B-00C04F79EFBC}") = "Core.MessageTests", "Core.MessageTests\Core.MessageTests.csproj", "{05DC99B4-92E1-461D-9695-54E1BF3E647D}"
EndProject
Project("{FAE04EC0-301F-11D3-BF4B-00C04F79EFBC}") = "Frameworke.Dtos", "Frameworke.Dtos\Frameworke.Dtos.csproj", "{AFB07491-331D-43D0-85F7-84B25049E166}"
EndProject
Project("{FAE04EC0-301F-11D3-BF4B-00C04F79EFBC}") = "Framework.UtilityTests", "Framework.UtilityTests\Framework.UtilityTests.csproj", "{1DF1B9BF-8AEE-4432-9A20-816BB4372195}"
EndProject
Project("{FAE04EC0-301F-11D3-BF4B-00C04F79EFBC}") = "Plain.Dto", "Plain.Dto\Plain.Dto.csproj", "{1100AD75-5E10-4FEC-8B04-55A59E5F5C7A}"
EndProject
Project("{FAE04EC0-301F-11D3-BF4B-00C04F79EFBC}") = "Plain.CMS", "Plain.CMS\Plain.CMS.csproj", "{F21496D5-47DF-4749-870C-26C855D49175}"
EndProject
Project("{FAE04EC0-301F-11D3-BF4B-00C04F79EFBC}") = "Framework.Api", "Framework.Api\Framework.Api.csproj", "{0654EA72-8691-467B-989B-7C27620750AF}"
EndProject
Project("{FAE04EC0-301F-11D3-BF4B-00C04F79EFBC}") = "Tool.ArticleSpider", "Tool.ArticleSpider\Tool.ArticleSpider.csproj", "{26C77532-E26A-472F-B463-C9F9F8E7B4E9}"
EndProject
Project("{FAE04EC0-301F-11D3-BF4B-00C04F79EFBC}") = "Tool.T4Templent", "Tool.T4Templent\Tool.T4Templent.csproj", "{26C33E6B-637F-452A-8ED6-08476736D930}"
EndProject
Project("{FAE04EC0-301F-11D3-BF4B-00C04F79EFBC}") = "Tools.Test", "Tools.Test\Tools.Test.csproj", "{26F65600-212D-478A-97AB-192BB9BAB9D7}"
EndProject
Project("{FAE04EC0-301F-11D3-BF4B-00C04F79EFBC}") = "Plain.Dao", "Plain.Dao\Plain.Dao.csproj", "{D370F112-CDFA-49EB-A7E6-E84300DACDA6}"
EndProject
Project("{FAE04EC0-301F-11D3-BF4B-00C04F79EFBC}") = "Framework.Dao", "Framework.Dao\Framework.Dao.csproj", "{ECAEB07D-21E8-41A9-8AE9-3AFA22F4D5B0}"
EndProject
Global
	GlobalSection(SolutionConfigurationPlatforms) = preSolution
		Debug|Any CPU = Debug|Any CPU
		Release|Any CPU = Release|Any CPU
	EndGlobalSection
	GlobalSection(ProjectConfigurationPlatforms) = postSolution
		{6F1125ED-C3D1-46DF-9A22-AEBF0CC2CF78}.Debug|Any CPU.ActiveCfg = Debug|Any CPU
		{6F1125ED-C3D1-46DF-9A22-AEBF0CC2CF78}.Debug|Any CPU.Build.0 = Debug|Any CPU
		{6F1125ED-C3D1-46DF-9A22-AEBF0CC2CF78}.Release|Any CPU.ActiveCfg = Release|Any CPU
		{6F1125ED-C3D1-46DF-9A22-AEBF0CC2CF78}.Release|Any CPU.Build.0 = Release|Any CPU
		{A6601D7B-3869-494C-9BB4-CE2EFDDC3872}.Debug|Any CPU.ActiveCfg = Debug|Any CPU
		{A6601D7B-3869-494C-9BB4-CE2EFDDC3872}.Debug|Any CPU.Build.0 = Debug|Any CPU
		{A6601D7B-3869-494C-9BB4-CE2EFDDC3872}.Release|Any CPU.ActiveCfg = Release|Any CPU
		{A6601D7B-3869-494C-9BB4-CE2EFDDC3872}.Release|Any CPU.Build.0 = Release|Any CPU
		{5871B35D-1882-431A-B9AF-A7EC3B77F314}.Debug|Any CPU.ActiveCfg = Debug|Any CPU
		{5871B35D-1882-431A-B9AF-A7EC3B77F314}.Debug|Any CPU.Build.0 = Debug|Any CPU
		{5871B35D-1882-431A-B9AF-A7EC3B77F314}.Release|Any CPU.ActiveCfg = Release|Any CPU
		{5871B35D-1882-431A-B9AF-A7EC3B77F314}.Release|Any CPU.Build.0 = Release|Any CPU
		{EC5C509B-6DDF-47B2-8098-3F45ED069E24}.Debug|Any CPU.ActiveCfg = Debug|Any CPU
		{EC5C509B-6DDF-47B2-8098-3F45ED069E24}.Debug|Any CPU.Build.0 = Debug|Any CPU
		{EC5C509B-6DDF-47B2-8098-3F45ED069E24}.Release|Any CPU.ActiveCfg = Release|Any CPU
		{EC5C509B-6DDF-47B2-8098-3F45ED069E24}.Release|Any CPU.Build.0 = Release|Any CPU
		{6A483607-FEBC-4599-BC82-0184FA79B6F2}.Debug|Any CPU.ActiveCfg = Debug|Any CPU
		{6A483607-FEBC-4599-BC82-0184FA79B6F2}.Debug|Any CPU.Build.0 = Debug|Any CPU
		{6A483607-FEBC-4599-BC82-0184FA79B6F2}.Release|Any CPU.ActiveCfg = Release|Any CPU
		{6A483607-FEBC-4599-BC82-0184FA79B6F2}.Release|Any CPU.Build.0 = Release|Any CPU
		{67F618D6-B22F-435D-AD61-C2F820815A2A}.Debug|Any CPU.ActiveCfg = Debug|Any CPU
		{67F618D6-B22F-435D-AD61-C2F820815A2A}.Debug|Any CPU.Build.0 = Debug|Any CPU
		{67F618D6-B22F-435D-AD61-C2F820815A2A}.Release|Any CPU.ActiveCfg = Release|Any CPU
		{67F618D6-B22F-435D-AD61-C2F820815A2A}.Release|Any CPU.Build.0 = Release|Any CPU
		{CB29D7ED-3CE9-4789-9CA0-35C83B6448A7}.Debug|Any CPU.ActiveCfg = Debug|Any CPU
		{CB29D7ED-3CE9-4789-9CA0-35C83B6448A7}.Debug|Any CPU.Build.0 = Debug|Any CPU
		{CB29D7ED-3CE9-4789-9CA0-35C83B6448A7}.Release|Any CPU.ActiveCfg = Release|Any CPU
		{CB29D7ED-3CE9-4789-9CA0-35C83B6448A7}.Release|Any CPU.Build.0 = Release|Any CPU
		{5716BF11-28E7-478F-80F5-D881CC87962A}.Debug|Any CPU.ActiveCfg = Debug|Any CPU
		{5716BF11-28E7-478F-80F5-D881CC87962A}.Debug|Any CPU.Build.0 = Debug|Any CPU
		{5716BF11-28E7-478F-80F5-D881CC87962A}.Release|Any CPU.ActiveCfg = Release|Any CPU
		{5716BF11-28E7-478F-80F5-D881CC87962A}.Release|Any CPU.Build.0 = Release|Any CPU
		{0E7BBB62-91F0-4263-8DE9-D6683565E653}.Debug|Any CPU.ActiveCfg = Debug|Any CPU
		{0E7BBB62-91F0-4263-8DE9-D6683565E653}.Debug|Any CPU.Build.0 = Debug|Any CPU
		{0E7BBB62-91F0-4263-8DE9-D6683565E653}.Release|Any CPU.ActiveCfg = Release|Any CPU
		{0E7BBB62-91F0-4263-8DE9-D6683565E653}.Release|Any CPU.Build.0 = Release|Any CPU
		{0440BB94-C62E-4F2A-84C7-42836C697035}.Debug|Any CPU.ActiveCfg = Debug|Any CPU
		{0440BB94-C62E-4F2A-84C7-42836C697035}.Debug|Any CPU.Build.0 = Debug|Any CPU
		{0440BB94-C62E-4F2A-84C7-42836C697035}.Release|Any CPU.ActiveCfg = Release|Any CPU
		{0440BB94-C62E-4F2A-84C7-42836C697035}.Release|Any CPU.Build.0 = Release|Any CPU
		{33FD11A4-A778-48B7-9976-D3D74C373B8B}.Debug|Any CPU.ActiveCfg = Debug|Any CPU
		{33FD11A4-A778-48B7-9976-D3D74C373B8B}.Debug|Any CPU.Build.0 = Debug|Any CPU
		{33FD11A4-A778-48B7-9976-D3D74C373B8B}.Release|Any CPU.ActiveCfg = Release|Any CPU
		{33FD11A4-A778-48B7-9976-D3D74C373B8B}.Release|Any CPU.Build.0 = Release|Any CPU
		{20072E6C-51F0-4165-9148-907AB2405320}.Debug|Any CPU.ActiveCfg = Debug|Any CPU
		{20072E6C-51F0-4165-9148-907AB2405320}.Debug|Any CPU.Build.0 = Debug|Any CPU
		{20072E6C-51F0-4165-9148-907AB2405320}.Release|Any CPU.ActiveCfg = Release|Any CPU
		{20072E6C-51F0-4165-9148-907AB2405320}.Release|Any CPU.Build.0 = Release|Any CPU
		{BED2E799-653F-4D29-81F5-BA440823BFE3}.Debug|Any CPU.ActiveCfg = Debug|Any CPU
		{BED2E799-653F-4D29-81F5-BA440823BFE3}.Debug|Any CPU.Build.0 = Debug|Any CPU
		{BED2E799-653F-4D29-81F5-BA440823BFE3}.Release|Any CPU.ActiveCfg = Release|Any CPU
		{BED2E799-653F-4D29-81F5-BA440823BFE3}.Release|Any CPU.Build.0 = Release|Any CPU
		{F920B0F7-0DA7-4F08-90B7-F5390503295E}.Debug|Any CPU.ActiveCfg = Debug|Any CPU
		{F920B0F7-0DA7-4F08-90B7-F5390503295E}.Debug|Any CPU.Build.0 = Debug|Any CPU
		{F920B0F7-0DA7-4F08-90B7-F5390503295E}.Release|Any CPU.ActiveCfg = Release|Any CPU
		{F920B0F7-0DA7-4F08-90B7-F5390503295E}.Release|Any CPU.Build.0 = Release|Any CPU
		{9380619E-4D80-4B53-81B2-D477BAD419FF}.Debug|Any CPU.ActiveCfg = Debug|Any CPU
		{9380619E-4D80-4B53-81B2-D477BAD419FF}.Debug|Any CPU.Build.0 = Debug|Any CPU
		{9380619E-4D80-4B53-81B2-D477BAD419FF}.Release|Any CPU.ActiveCfg = Release|Any CPU
		{9380619E-4D80-4B53-81B2-D477BAD419FF}.Release|Any CPU.Build.0 = Release|Any CPU
		{3B149ADE-26C3-4DA3-92F5-C613559FB50F}.Debug|Any CPU.ActiveCfg = Debug|Any CPU
		{3B149ADE-26C3-4DA3-92F5-C613559FB50F}.Debug|Any CPU.Build.0 = Debug|Any CPU
		{3B149ADE-26C3-4DA3-92F5-C613559FB50F}.Release|Any CPU.ActiveCfg = Release|Any CPU
		{3B149ADE-26C3-4DA3-92F5-C613559FB50F}.Release|Any CPU.Build.0 = Release|Any CPU
		{45B380A7-4275-4E02-9E6A-147D1A19AC6F}.Debug|Any CPU.ActiveCfg = Debug|Any CPU
		{45B380A7-4275-4E02-9E6A-147D1A19AC6F}.Debug|Any CPU.Build.0 = Debug|Any CPU
		{45B380A7-4275-4E02-9E6A-147D1A19AC6F}.Release|Any CPU.ActiveCfg = Release|Any CPU
		{45B380A7-4275-4E02-9E6A-147D1A19AC6F}.Release|Any CPU.Build.0 = Release|Any CPU
		{516EBF79-DE0F-4203-BD35-9287A5D73F34}.Debug|Any CPU.ActiveCfg = Debug|Any CPU
		{516EBF79-DE0F-4203-BD35-9287A5D73F34}.Debug|Any CPU.Build.0 = Debug|Any CPU
		{516EBF79-DE0F-4203-BD35-9287A5D73F34}.Release|Any CPU.ActiveCfg = Release|Any CPU
		{516EBF79-DE0F-4203-BD35-9287A5D73F34}.Release|Any CPU.Build.0 = Release|Any CPU
		{E97C88AD-9D00-4962-9F2E-596D931116D5}.Debug|Any CPU.ActiveCfg = Debug|Any CPU
		{E97C88AD-9D00-4962-9F2E-596D931116D5}.Debug|Any CPU.Build.0 = Debug|Any CPU
		{E97C88AD-9D00-4962-9F2E-596D931116D5}.Release|Any CPU.ActiveCfg = Release|Any CPU
		{E97C88AD-9D00-4962-9F2E-596D931116D5}.Release|Any CPU.Build.0 = Release|Any CPU
		{265EB8A8-EC67-4BBE-9036-8B76C28C4859}.Debug|Any CPU.ActiveCfg = Debug|Any CPU
		{265EB8A8-EC67-4BBE-9036-8B76C28C4859}.Debug|Any CPU.Build.0 = Debug|Any CPU
		{265EB8A8-EC67-4BBE-9036-8B76C28C4859}.Release|Any CPU.ActiveCfg = Release|Any CPU
		{265EB8A8-EC67-4BBE-9036-8B76C28C4859}.Release|Any CPU.Build.0 = Release|Any CPU
		{1E62B299-9A6B-4152-AB6E-83AA386950F5}.Debug|Any CPU.ActiveCfg = Debug|Any CPU
		{1E62B299-9A6B-4152-AB6E-83AA386950F5}.Debug|Any CPU.Build.0 = Debug|Any CPU
		{1E62B299-9A6B-4152-AB6E-83AA386950F5}.Release|Any CPU.ActiveCfg = Release|Any CPU
		{1E62B299-9A6B-4152-AB6E-83AA386950F5}.Release|Any CPU.Build.0 = Release|Any CPU
		{E8707FBB-D5B5-41ED-86DD-7AABCBBC703A}.Debug|Any CPU.ActiveCfg = Debug|Any CPU
		{E8707FBB-D5B5-41ED-86DD-7AABCBBC703A}.Debug|Any CPU.Build.0 = Debug|Any CPU
		{E8707FBB-D5B5-41ED-86DD-7AABCBBC703A}.Release|Any CPU.ActiveCfg = Release|Any CPU
		{E8707FBB-D5B5-41ED-86DD-7AABCBBC703A}.Release|Any CPU.Build.0 = Release|Any CPU
		{1B06D886-409A-46A8-983F-3E29163AFCF1}.Debug|Any CPU.ActiveCfg = Debug|Any CPU
		{1B06D886-409A-46A8-983F-3E29163AFCF1}.Debug|Any CPU.Build.0 = Debug|Any CPU
		{1B06D886-409A-46A8-983F-3E29163AFCF1}.Release|Any CPU.ActiveCfg = Release|Any CPU
		{1B06D886-409A-46A8-983F-3E29163AFCF1}.Release|Any CPU.Build.0 = Release|Any CPU
		{607BC64C-F481-4FB0-8B24-553E2DA90290}.Debug|Any CPU.ActiveCfg = Debug|Any CPU
		{607BC64C-F481-4FB0-8B24-553E2DA90290}.Debug|Any CPU.Build.0 = Debug|Any CPU
		{607BC64C-F481-4FB0-8B24-553E2DA90290}.Release|Any CPU.ActiveCfg = Release|Any CPU
		{607BC64C-F481-4FB0-8B24-553E2DA90290}.Release|Any CPU.Build.0 = Release|Any CPU
		{48613701-EB05-4356-970F-83C08F80365F}.Debug|Any CPU.ActiveCfg = Debug|Any CPU
		{48613701-EB05-4356-970F-83C08F80365F}.Debug|Any CPU.Build.0 = Debug|Any CPU
		{48613701-EB05-4356-970F-83C08F80365F}.Release|Any CPU.ActiveCfg = Release|Any CPU
		{48613701-EB05-4356-970F-83C08F80365F}.Release|Any CPU.Build.0 = Release|Any CPU
		{05DC99B4-92E1-461D-9695-54E1BF3E647D}.Debug|Any CPU.ActiveCfg = Debug|Any CPU
		{05DC99B4-92E1-461D-9695-54E1BF3E647D}.Debug|Any CPU.Build.0 = Debug|Any CPU
		{05DC99B4-92E1-461D-9695-54E1BF3E647D}.Release|Any CPU.ActiveCfg = Release|Any CPU
		{05DC99B4-92E1-461D-9695-54E1BF3E647D}.Release|Any CPU.Build.0 = Release|Any CPU
		{AFB07491-331D-43D0-85F7-84B25049E166}.Debug|Any CPU.ActiveCfg = Debug|Any CPU
		{AFB07491-331D-43D0-85F7-84B25049E166}.Debug|Any CPU.Build.0 = Debug|Any CPU
		{AFB07491-331D-43D0-85F7-84B25049E166}.Release|Any CPU.ActiveCfg = Release|Any CPU
		{AFB07491-331D-43D0-85F7-84B25049E166}.Release|Any CPU.Build.0 = Release|Any CPU
		{1DF1B9BF-8AEE-4432-9A20-816BB4372195}.Debug|Any CPU.ActiveCfg = Debug|Any CPU
		{1DF1B9BF-8AEE-4432-9A20-816BB4372195}.Debug|Any CPU.Build.0 = Debug|Any CPU
		{1DF1B9BF-8AEE-4432-9A20-816BB4372195}.Release|Any CPU.ActiveCfg = Release|Any CPU
		{1DF1B9BF-8AEE-4432-9A20-816BB4372195}.Release|Any CPU.Build.0 = Release|Any CPU
		{1100AD75-5E10-4FEC-8B04-55A59E5F5C7A}.Debug|Any CPU.ActiveCfg = Debug|Any CPU
		{1100AD75-5E10-4FEC-8B04-55A59E5F5C7A}.Debug|Any CPU.Build.0 = Debug|Any CPU
		{1100AD75-5E10-4FEC-8B04-55A59E5F5C7A}.Release|Any CPU.ActiveCfg = Release|Any CPU
		{1100AD75-5E10-4FEC-8B04-55A59E5F5C7A}.Release|Any CPU.Build.0 = Release|Any CPU
		{F21496D5-47DF-4749-870C-26C855D49175}.Debug|Any CPU.ActiveCfg = Debug|Any CPU
		{F21496D5-47DF-4749-870C-26C855D49175}.Debug|Any CPU.Build.0 = Debug|Any CPU
		{F21496D5-47DF-4749-870C-26C855D49175}.Release|Any CPU.ActiveCfg = Release|Any CPU
		{F21496D5-47DF-4749-870C-26C855D49175}.Release|Any CPU.Build.0 = Release|Any CPU
		{0654EA72-8691-467B-989B-7C27620750AF}.Debug|Any CPU.ActiveCfg = Debug|Any CPU
		{0654EA72-8691-467B-989B-7C27620750AF}.Debug|Any CPU.Build.0 = Debug|Any CPU
		{0654EA72-8691-467B-989B-7C27620750AF}.Release|Any CPU.ActiveCfg = Release|Any CPU
		{0654EA72-8691-467B-989B-7C27620750AF}.Release|Any CPU.Build.0 = Release|Any CPU
		{26C77532-E26A-472F-B463-C9F9F8E7B4E9}.Debug|Any CPU.ActiveCfg = Debug|Any CPU
		{26C77532-E26A-472F-B463-C9F9F8E7B4E9}.Debug|Any CPU.Build.0 = Debug|Any CPU
		{26C77532-E26A-472F-B463-C9F9F8E7B4E9}.Release|Any CPU.ActiveCfg = Release|Any CPU
		{26C77532-E26A-472F-B463-C9F9F8E7B4E9}.Release|Any CPU.Build.0 = Release|Any CPU
		{26C33E6B-637F-452A-8ED6-08476736D930}.Debug|Any CPU.ActiveCfg = Debug|Any CPU
		{26C33E6B-637F-452A-8ED6-08476736D930}.Debug|Any CPU.Build.0 = Debug|Any CPU
		{26C33E6B-637F-452A-8ED6-08476736D930}.Release|Any CPU.ActiveCfg = Release|Any CPU
		{26C33E6B-637F-452A-8ED6-08476736D930}.Release|Any CPU.Build.0 = Release|Any CPU
		{26F65600-212D-478A-97AB-192BB9BAB9D7}.Debug|Any CPU.ActiveCfg = Debug|Any CPU
		{26F65600-212D-478A-97AB-192BB9BAB9D7}.Debug|Any CPU.Build.0 = Debug|Any CPU
		{26F65600-212D-478A-97AB-192BB9BAB9D7}.Release|Any CPU.ActiveCfg = Release|Any CPU
		{26F65600-212D-478A-97AB-192BB9BAB9D7}.Release|Any CPU.Build.0 = Release|Any CPU
		{D370F112-CDFA-49EB-A7E6-E84300DACDA6}.Debug|Any CPU.ActiveCfg = Debug|Any CPU
		{D370F112-CDFA-49EB-A7E6-E84300DACDA6}.Debug|Any CPU.Build.0 = Debug|Any CPU
		{D370F112-CDFA-49EB-A7E6-E84300DACDA6}.Release|Any CPU.ActiveCfg = Release|Any CPU
		{D370F112-CDFA-49EB-A7E6-E84300DACDA6}.Release|Any CPU.Build.0 = Release|Any CPU
		{ECAEB07D-21E8-41A9-8AE9-3AFA22F4D5B0}.Debug|Any CPU.ActiveCfg = Debug|Any CPU
		{ECAEB07D-21E8-41A9-8AE9-3AFA22F4D5B0}.Debug|Any CPU.Build.0 = Debug|Any CPU
		{ECAEB07D-21E8-41A9-8AE9-3AFA22F4D5B0}.Release|Any CPU.ActiveCfg = Release|Any CPU
		{ECAEB07D-21E8-41A9-8AE9-3AFA22F4D5B0}.Release|Any CPU.Build.0 = Release|Any CPU
	EndGlobalSection
	GlobalSection(SolutionProperties) = preSolution
		HideSolutionNode = FALSE
	EndGlobalSection
	GlobalSection(NestedProjects) = preSolution
		{6F1125ED-C3D1-46DF-9A22-AEBF0CC2CF78} = {B3CD041C-0F4A-480B-A9B6-C7964733C995}
		{A6601D7B-3869-494C-9BB4-CE2EFDDC3872} = {B3CD041C-0F4A-480B-A9B6-C7964733C995}
		{5871B35D-1882-431A-B9AF-A7EC3B77F314} = {26155C11-F6EE-4AE6-B090-939FB17C6A65}
		{EC5C509B-6DDF-47B2-8098-3F45ED069E24} = {26155C11-F6EE-4AE6-B090-939FB17C6A65}
		{6A483607-FEBC-4599-BC82-0184FA79B6F2} = {26155C11-F6EE-4AE6-B090-939FB17C6A65}
		{67F618D6-B22F-435D-AD61-C2F820815A2A} = {26155C11-F6EE-4AE6-B090-939FB17C6A65}
		{CB29D7ED-3CE9-4789-9CA0-35C83B6448A7} = {B3CD041C-0F4A-480B-A9B6-C7964733C995}
		{5716BF11-28E7-478F-80F5-D881CC87962A} = {26155C11-F6EE-4AE6-B090-939FB17C6A65}
		{0E7BBB62-91F0-4263-8DE9-D6683565E653} = {B3CD041C-0F4A-480B-A9B6-C7964733C995}
		{0440BB94-C62E-4F2A-84C7-42836C697035} = {B3CD041C-0F4A-480B-A9B6-C7964733C995}
		{33FD11A4-A778-48B7-9976-D3D74C373B8B} = {B3CD041C-0F4A-480B-A9B6-C7964733C995}
		{20072E6C-51F0-4165-9148-907AB2405320} = {EEB7D637-50B0-45C0-9B27-793C3334D9ED}
		{BED2E799-653F-4D29-81F5-BA440823BFE3} = {B3CD041C-0F4A-480B-A9B6-C7964733C995}
		{65DFFB61-2254-419E-8C47-017AC4D3CB49} = {BE99E732-1387-4B89-A5BB-BC0BAB3B2437}
		{F920B0F7-0DA7-4F08-90B7-F5390503295E} = {65DFFB61-2254-419E-8C47-017AC4D3CB49}
		{9380619E-4D80-4B53-81B2-D477BAD419FF} = {65DFFB61-2254-419E-8C47-017AC4D3CB49}
		{3B149ADE-26C3-4DA3-92F5-C613559FB50F} = {65DFFB61-2254-419E-8C47-017AC4D3CB49}
		{45B380A7-4275-4E02-9E6A-147D1A19AC6F} = {C6BDF8B1-720B-4AB5-80D6-11BF1AD4C737}
		{516EBF79-DE0F-4203-BD35-9287A5D73F34} = {4B4EE8BF-298C-4765-B59C-F9DE891AD65E}
		{E97C88AD-9D00-4962-9F2E-596D931116D5} = {EEB7D637-50B0-45C0-9B27-793C3334D9ED}
		{265EB8A8-EC67-4BBE-9036-8B76C28C4859} = {26155C11-F6EE-4AE6-B090-939FB17C6A65}
		{1E62B299-9A6B-4152-AB6E-83AA386950F5} = {26155C11-F6EE-4AE6-B090-939FB17C6A65}
		{E8707FBB-D5B5-41ED-86DD-7AABCBBC703A} = {B3CD041C-0F4A-480B-A9B6-C7964733C995}
		{1B06D886-409A-46A8-983F-3E29163AFCF1} = {EEB7D637-50B0-45C0-9B27-793C3334D9ED}
		{607BC64C-F481-4FB0-8B24-553E2DA90290} = {EEB7D637-50B0-45C0-9B27-793C3334D9ED}
		{48613701-EB05-4356-970F-83C08F80365F} = {C6BDF8B1-720B-4AB5-80D6-11BF1AD4C737}
		{05DC99B4-92E1-461D-9695-54E1BF3E647D} = {EEB7D637-50B0-45C0-9B27-793C3334D9ED}
		{AFB07491-331D-43D0-85F7-84B25049E166} = {26155C11-F6EE-4AE6-B090-939FB17C6A65}
		{1DF1B9BF-8AEE-4432-9A20-816BB4372195} = {EEB7D637-50B0-45C0-9B27-793C3334D9ED}
		{1100AD75-5E10-4FEC-8B04-55A59E5F5C7A} = {65DFFB61-2254-419E-8C47-017AC4D3CB49}
		{F21496D5-47DF-4749-870C-26C855D49175} = {C6BDF8B1-720B-4AB5-80D6-11BF1AD4C737}
		{0654EA72-8691-467B-989B-7C27620750AF} = {26155C11-F6EE-4AE6-B090-939FB17C6A65}
		{26C77532-E26A-472F-B463-C9F9F8E7B4E9} = {4B4EE8BF-298C-4765-B59C-F9DE891AD65E}
		{26C33E6B-637F-452A-8ED6-08476736D930} = {4B4EE8BF-298C-4765-B59C-F9DE891AD65E}
		{26F65600-212D-478A-97AB-192BB9BAB9D7} = {4B4EE8BF-298C-4765-B59C-F9DE891AD65E}
		{D370F112-CDFA-49EB-A7E6-E84300DACDA6} = {65DFFB61-2254-419E-8C47-017AC4D3CB49}
		{ECAEB07D-21E8-41A9-8AE9-3AFA22F4D5B0} = {26155C11-F6EE-4AE6-B090-939FB17C6A65}
	EndGlobalSection
EndGlobal
