
Microsoft Visual Studio Solution File, Format Version 12.00
# Visual Studio 14
VisualStudioVersion = 14.0.25123.0
MinimumVisualStudioVersion = 10.0.40219.1
Project("{FAE04EC0-301F-11D3-BF4B-00C04F79EFBC}") = "Core.Cache", "Cache\Core.Cache.csproj", "{0440BB94-C62E-4F2A-84C7-42836C697035}"
EndProject
Project("{2150E333-8FDC-42A3-9474-1A3956D46DE8}") = "Core", "Core", "{B3CD041C-0F4A-480B-A9B6-C7964733C995}"
EndProject
Project("{FAE04EC0-301F-11D3-BF4B-00C04F79EFBC}") = "Core.Log", "Log\Core.Log.csproj", "{33FD11A4-A778-48B7-9976-D3D74C373B8B}"
EndProject
Project("{FAE04EC0-301F-11D3-BF4B-00C04F79EFBC}") = "Core.Module", "Module\Core.Module.csproj", "{6F1125ED-C3D1-46DF-9A22-AEBF0CC2CF78}"
EndProject
Project("{FAE04EC0-301F-11D3-BF4B-00C04F79EFBC}") = "Core.Service", "Service\Core.Service.csproj", "{A6601D7B-3869-494C-9BB4-CE2EFDDC3872}"
EndProject
Project("{2150E333-8FDC-42A3-9474-1A3956D46DE8}") = "Framework", "Framework", "{26155C11-F6EE-4AE6-B090-939FB17C6A65}"
EndProject
Project("{FAE04EC0-301F-11D3-BF4B-00C04F79EFBC}") = "Framework.BLL", "BLL\Framework.BLL.csproj", "{5871B35D-1882-431A-B9AF-A7EC3B77F314}"
EndProject
Project("{FAE04EC0-301F-11D3-BF4B-00C04F79EFBC}") = "Framework.DAL", "DAL\Framework.DAL.csproj", "{EC5C509B-6DDF-47B2-8098-3F45ED069E24}"
EndProject
Project("{FAE04EC0-301F-11D3-BF4B-00C04F79EFBC}") = "Framework.Utility", "Utility\Framework.Utility.csproj", "{6A483607-FEBC-4599-BC82-0184FA79B6F2}"
EndProject
Project("{FAE04EC0-301F-11D3-BF4B-00C04F79EFBC}") = "Framework.Web", "Plan.Web\Framework.Web.csproj", "{A8993243-ABCB-48E0-B064-451C768D5E37}"
EndProject
Project("{FAE04EC0-301F-11D3-BF4B-00C04F79EFBC}") = "Framework.Contract", "Contract\Framework.Contract.csproj", "{67F618D6-B22F-435D-AD61-C2F820815A2A}"
EndProject
Project("{2150E333-8FDC-42A3-9474-1A3956D46DE8}") = "UI", "UI", "{C6BDF8B1-720B-4AB5-80D6-11BF1AD4C737}"
EndProject
Project("{FAE04EC0-301F-11D3-BF4B-00C04F79EFBC}") = "Plan.UI", "Plan.UI\Plan.UI.csproj", "{45B380A7-4275-4E02-9E6A-147D1A19AC6F}"
EndProject
Project("{2150E333-8FDC-42A3-9474-1A3956D46DE8}") = "Business", "Business", "{BE99E732-1387-4B89-A5BB-BC0BAB3B2437}"
EndProject
Project("{2150E333-8FDC-42A3-9474-1A3956D46DE8}") = "Plan", "Plan", "{8C9E202F-F16F-4121-B078-A507266407B2}"
EndProject
Project("{FAE04EC0-301F-11D3-BF4B-00C04F79EFBC}") = "Plan.BLL", "Plan.BLL\Plan.BLL.csproj", "{F920B0F7-0DA7-4F08-90B7-F5390503295E}"
EndProject
Project("{FAE04EC0-301F-11D3-BF4B-00C04F79EFBC}") = "Plan.DAL", "Plan.DAL\Plan.DAL.csproj", "{9380619E-4D80-4B53-81B2-D477BAD419FF}"
EndProject
Project("{FAE04EC0-301F-11D3-BF4B-00C04F79EFBC}") = "Plan.Model", "Plan.Model\Plan.Model.csproj", "{3B149ADE-26C3-4DA3-92F5-C613559FB50F}"
EndProject
Project("{FAE04EC0-301F-11D3-BF4B-00C04F79EFBC}") = "Core.Config", "Core.Config\Core.Config.csproj", "{CB29D7ED-3CE9-4789-9CA0-35C83B6448A7}"
EndProject
Project("{FAE04EC0-301F-11D3-BF4B-00C04F79EFBC}") = "Framework.DbDrive", "FrameWork.DbDrive\Framework.DbDrive.csproj", "{5716BF11-28E7-478F-80F5-D881CC87962A}"
EndProject
Project("{FAE04EC0-301F-11D3-BF4B-00C04F79EFBC}") = "Core.Exception", "Core.Exception\Core.Exception.csproj", "{0E7BBB62-91F0-4263-8DE9-D6683565E653}"
EndProject
Global
	GlobalSection(SolutionConfigurationPlatforms) = preSolution
		Debug|Any CPU = Debug|Any CPU
		Release|Any CPU = Release|Any CPU
	EndGlobalSection
	GlobalSection(ProjectConfigurationPlatforms) = postSolution
		{0440BB94-C62E-4F2A-84C7-42836C697035}.Debug|Any CPU.ActiveCfg = Debug|Any CPU
		{0440BB94-C62E-4F2A-84C7-42836C697035}.Debug|Any CPU.Build.0 = Debug|Any CPU
		{0440BB94-C62E-4F2A-84C7-42836C697035}.Release|Any CPU.ActiveCfg = Release|Any CPU
		{0440BB94-C62E-4F2A-84C7-42836C697035}.Release|Any CPU.Build.0 = Release|Any CPU
		{33FD11A4-A778-48B7-9976-D3D74C373B8B}.Debug|Any CPU.ActiveCfg = Debug|Any CPU
		{33FD11A4-A778-48B7-9976-D3D74C373B8B}.Debug|Any CPU.Build.0 = Debug|Any CPU
		{33FD11A4-A778-48B7-9976-D3D74C373B8B}.Release|Any CPU.ActiveCfg = Release|Any CPU
		{33FD11A4-A778-48B7-9976-D3D74C373B8B}.Release|Any CPU.Build.0 = Release|Any CPU
		{6F1125ED-C3D1-46DF-9A22-AEBF0CC2CF78}.Debug|Any CPU.ActiveCfg = Debug|Any CPU
		{6F1125ED-C3D1-46DF-9A22-AEBF0CC2CF78}.Debug|Any CPU.Build.0 = Debug|Any CPU
		{6F1125ED-C3D1-46DF-9A22-AEBF0CC2CF78}.Release|Any CPU.ActiveCfg = Release|Any CPU
		{6F1125ED-C3D1-46DF-9A22-AEBF0CC2CF78}.Release|Any CPU.Build.0 = Release|Any CPU
		{A6601D7B-3869-494C-9BB4-CE2EFDDC3872}.Debug|Any CPU.ActiveCfg = Debug|Any CPU
		{A6601D7B-3869-494C-9BB4-CE2EFDDC3872}.Debug|Any CPU.Build.0 = Debug|Any CPU
		{A6601D7B-3869-494C-9BB4-CE2EFDDC3872}.Release|Any CPU.ActiveCfg = Release|Any CPU
		{A6601D7B-3869-494C-9BB4-CE2EFDDC3872}.Release|Any CPU.Build.0 = Release|Any CPU
		{5871B35D-1882-431A-B9AF-A7EC3B77F314}.Debug|Any CPU.ActiveCfg = Debug|Any CPU
		{5871B35D-1882-431A-B9AF-A7EC3B77F314}.Debug|Any CPU.Build.0 = Debug|Any CPU
		{5871B35D-1882-431A-B9AF-A7EC3B77F314}.Release|Any CPU.ActiveCfg = Release|Any CPU
		{5871B35D-1882-431A-B9AF-A7EC3B77F314}.Release|Any CPU.Build.0 = Release|Any CPU
		{EC5C509B-6DDF-47B2-8098-3F45ED069E24}.Debug|Any CPU.ActiveCfg = Debug|Any CPU
		{EC5C509B-6DDF-47B2-8098-3F45ED069E24}.Debug|Any CPU.Build.0 = Debug|Any CPU
		{EC5C509B-6DDF-47B2-8098-3F45ED069E24}.Release|Any CPU.ActiveCfg = Release|Any CPU
		{EC5C509B-6DDF-47B2-8098-3F45ED069E24}.Release|Any CPU.Build.0 = Release|Any CPU
		{6A483607-FEBC-4599-BC82-0184FA79B6F2}.Debug|Any CPU.ActiveCfg = Debug|Any CPU
		{6A483607-FEBC-4599-BC82-0184FA79B6F2}.Debug|Any CPU.Build.0 = Debug|Any CPU
		{6A483607-FEBC-4599-BC82-0184FA79B6F2}.Release|Any CPU.ActiveCfg = Release|Any CPU
		{6A483607-FEBC-4599-BC82-0184FA79B6F2}.Release|Any CPU.Build.0 = Release|Any CPU
		{A8993243-ABCB-48E0-B064-451C768D5E37}.Debug|Any CPU.ActiveCfg = Debug|Any CPU
		{A8993243-ABCB-48E0-B064-451C768D5E37}.Debug|Any CPU.Build.0 = Debug|Any CPU
		{A8993243-ABCB-48E0-B064-451C768D5E37}.Release|Any CPU.ActiveCfg = Release|Any CPU
		{A8993243-ABCB-48E0-B064-451C768D5E37}.Release|Any CPU.Build.0 = Release|Any CPU
		{67F618D6-B22F-435D-AD61-C2F820815A2A}.Debug|Any CPU.ActiveCfg = Debug|Any CPU
		{67F618D6-B22F-435D-AD61-C2F820815A2A}.Debug|Any CPU.Build.0 = Debug|Any CPU
		{67F618D6-B22F-435D-AD61-C2F820815A2A}.Release|Any CPU.ActiveCfg = Release|Any CPU
		{67F618D6-B22F-435D-AD61-C2F820815A2A}.Release|Any CPU.Build.0 = Release|Any CPU
		{45B380A7-4275-4E02-9E6A-147D1A19AC6F}.Debug|Any CPU.ActiveCfg = Debug|Any CPU
		{45B380A7-4275-4E02-9E6A-147D1A19AC6F}.Debug|Any CPU.Build.0 = Debug|Any CPU
		{45B380A7-4275-4E02-9E6A-147D1A19AC6F}.Release|Any CPU.ActiveCfg = Release|Any CPU
		{45B380A7-4275-4E02-9E6A-147D1A19AC6F}.Release|Any CPU.Build.0 = Release|Any CPU
		{F920B0F7-0DA7-4F08-90B7-F5390503295E}.Debug|Any CPU.ActiveCfg = Debug|Any CPU
		{F920B0F7-0DA7-4F08-90B7-F5390503295E}.Debug|Any CPU.Build.0 = Debug|Any CPU
		{F920B0F7-0DA7-4F08-90B7-F5390503295E}.Release|Any CPU.ActiveCfg = Release|Any CPU
		{F920B0F7-0DA7-4F08-90B7-F5390503295E}.Release|Any CPU.Build.0 = Release|Any CPU
		{9380619E-4D80-4B53-81B2-D477BAD419FF}.Debug|Any CPU.ActiveCfg = Debug|Any CPU
		{9380619E-4D80-4B53-81B2-D477BAD419FF}.Debug|Any CPU.Build.0 = Debug|Any CPU
		{9380619E-4D80-4B53-81B2-D477BAD419FF}.Release|Any CPU.ActiveCfg = Release|Any CPU
		{9380619E-4D80-4B53-81B2-D477BAD419FF}.Release|Any CPU.Build.0 = Release|Any CPU
		{3B149ADE-26C3-4DA3-92F5-C613559FB50F}.Debug|Any CPU.ActiveCfg = Debug|Any CPU
		{3B149ADE-26C3-4DA3-92F5-C613559FB50F}.Debug|Any CPU.Build.0 = Debug|Any CPU
		{3B149ADE-26C3-4DA3-92F5-C613559FB50F}.Release|Any CPU.ActiveCfg = Release|Any CPU
		{3B149ADE-26C3-4DA3-92F5-C613559FB50F}.Release|Any CPU.Build.0 = Release|Any CPU
		{CB29D7ED-3CE9-4789-9CA0-35C83B6448A7}.Debug|Any CPU.ActiveCfg = Debug|Any CPU
		{CB29D7ED-3CE9-4789-9CA0-35C83B6448A7}.Debug|Any CPU.Build.0 = Debug|Any CPU
		{CB29D7ED-3CE9-4789-9CA0-35C83B6448A7}.Release|Any CPU.ActiveCfg = Release|Any CPU
		{CB29D7ED-3CE9-4789-9CA0-35C83B6448A7}.Release|Any CPU.Build.0 = Release|Any CPU
		{5716BF11-28E7-478F-80F5-D881CC87962A}.Debug|Any CPU.ActiveCfg = Debug|Any CPU
		{5716BF11-28E7-478F-80F5-D881CC87962A}.Debug|Any CPU.Build.0 = Debug|Any CPU
		{5716BF11-28E7-478F-80F5-D881CC87962A}.Release|Any CPU.ActiveCfg = Release|Any CPU
		{5716BF11-28E7-478F-80F5-D881CC87962A}.Release|Any CPU.Build.0 = Release|Any CPU
		{0E7BBB62-91F0-4263-8DE9-D6683565E653}.Debug|Any CPU.ActiveCfg = Debug|Any CPU
		{0E7BBB62-91F0-4263-8DE9-D6683565E653}.Debug|Any CPU.Build.0 = Debug|Any CPU
		{0E7BBB62-91F0-4263-8DE9-D6683565E653}.Release|Any CPU.ActiveCfg = Release|Any CPU
		{0E7BBB62-91F0-4263-8DE9-D6683565E653}.Release|Any CPU.Build.0 = Release|Any CPU
	EndGlobalSection
	GlobalSection(SolutionProperties) = preSolution
		HideSolutionNode = FALSE
	EndGlobalSection
	GlobalSection(NestedProjects) = preSolution
		{0440BB94-C62E-4F2A-84C7-42836C697035} = {B3CD041C-0F4A-480B-A9B6-C7964733C995}
		{33FD11A4-A778-48B7-9976-D3D74C373B8B} = {B3CD041C-0F4A-480B-A9B6-C7964733C995}
		{6F1125ED-C3D1-46DF-9A22-AEBF0CC2CF78} = {B3CD041C-0F4A-480B-A9B6-C7964733C995}
		{A6601D7B-3869-494C-9BB4-CE2EFDDC3872} = {B3CD041C-0F4A-480B-A9B6-C7964733C995}
		{5871B35D-1882-431A-B9AF-A7EC3B77F314} = {26155C11-F6EE-4AE6-B090-939FB17C6A65}
		{EC5C509B-6DDF-47B2-8098-3F45ED069E24} = {26155C11-F6EE-4AE6-B090-939FB17C6A65}
		{6A483607-FEBC-4599-BC82-0184FA79B6F2} = {26155C11-F6EE-4AE6-B090-939FB17C6A65}
		{A8993243-ABCB-48E0-B064-451C768D5E37} = {26155C11-F6EE-4AE6-B090-939FB17C6A65}
		{67F618D6-B22F-435D-AD61-C2F820815A2A} = {26155C11-F6EE-4AE6-B090-939FB17C6A65}
		{45B380A7-4275-4E02-9E6A-147D1A19AC6F} = {C6BDF8B1-720B-4AB5-80D6-11BF1AD4C737}
		{8C9E202F-F16F-4121-B078-A507266407B2} = {BE99E732-1387-4B89-A5BB-BC0BAB3B2437}
		{F920B0F7-0DA7-4F08-90B7-F5390503295E} = {8C9E202F-F16F-4121-B078-A507266407B2}
		{9380619E-4D80-4B53-81B2-D477BAD419FF} = {8C9E202F-F16F-4121-B078-A507266407B2}
		{3B149ADE-26C3-4DA3-92F5-C613559FB50F} = {8C9E202F-F16F-4121-B078-A507266407B2}
		{CB29D7ED-3CE9-4789-9CA0-35C83B6448A7} = {B3CD041C-0F4A-480B-A9B6-C7964733C995}
		{5716BF11-28E7-478F-80F5-D881CC87962A} = {26155C11-F6EE-4AE6-B090-939FB17C6A65}
		{0E7BBB62-91F0-4263-8DE9-D6683565E653} = {B3CD041C-0F4A-480B-A9B6-C7964733C995}
	EndGlobalSection
EndGlobal
